
Microsoft Visual Studio Solution File, Format Version 12.00
# Visual Studio Version 17
VisualStudioVersion = 17.10.35013.160
MinimumVisualStudioVersion = 10.0.40219.1
Project("{FAE04EC0-301F-11D3-BF4B-00C04F79EFBC}") = "Hangfire_Sample1", "Hangfire_Sample1\Hangfire_Sample1.csproj", "{1F47BB61-D8AE-44B3-BFF0-B5940BB26664}"
EndProject
Global
	GlobalSection(SolutionConfigurationPlatforms) = preSolution
		Debug|Any CPU = Debug|Any CPU
		Release|Any CPU = Release|Any CPU
	EndGlobalSection
	GlobalSection(ProjectConfigurationPlatforms) = postSolution
		{1F47BB61-D8AE-44B3-BFF0-B5940BB26664}.Debug|Any CPU.ActiveCfg = Debug|Any CPU
		{1F47BB61-D8AE-44B3-BFF0-B5940BB26664}.Debug|Any CPU.Build.0 = Debug|Any CPU
		{1F47BB61-D8AE-44B3-BFF0-B5940BB26664}.Release|Any CPU.ActiveCfg = Release|Any CPU
		{1F47BB61-D8AE-44B3-BFF0-B5940BB26664}.Release|Any CPU.Build.0 = Release|Any CPU
	EndGlobalSection
	GlobalSection(SolutionProperties) = preSolution
		HideSolutionNode = FALSE
	EndGlobalSection
	GlobalSection(ExtensibilityGlobals) = postSolution
		SolutionGuid = {6AFBF581-D510-407A-9EB4-29F69D287AB8}
	EndGlobalSection
EndGlobal
